
Microsoft Visual Studio Solution File, Format Version 12.00
# Visual Studio Version 17
VisualStudioVersion = 17.14.36518.9 d17.14
MinimumVisualStudioVersion = 10.0.40219.1
Project("{FAE04EC0-301F-11D3-BF4B-00C04F79EFBC}") = "NguyenAnhKhoi_1150080141", "NguyenAnhKhoi_1150080141\NguyenAnhKhoi_1150080141.csproj", "{F25B2F03-4228-4220-A754-23AA143DC8E1}"
EndProject
Global
	GlobalSection(SolutionConfigurationPlatforms) = preSolution
		Debug|Any CPU = Debug|Any CPU
		Release|Any CPU = Release|Any CPU
	EndGlobalSection
	GlobalSection(ProjectConfigurationPlatforms) = postSolution
		{F25B2F03-4228-4220-A754-23AA143DC8E1}.Debug|Any CPU.ActiveCfg = Debug|Any CPU
		{F25B2F03-4228-4220-A754-23AA143DC8E1}.Debug|Any CPU.Build.0 = Debug|Any CPU
		{F25B2F03-4228-4220-A754-23AA143DC8E1}.Release|Any CPU.ActiveCfg = Release|Any CPU
		{F25B2F03-4228-4220-A754-23AA143DC8E1}.Release|Any CPU.Build.0 = Release|Any CPU
	EndGlobalSection
	GlobalSection(SolutionProperties) = preSolution
		HideSolutionNode = FALSE
	EndGlobalSection
	GlobalSection(ExtensibilityGlobals) = postSolution
		SolutionGuid = {EB52B87F-D4A4-4F3E-8D42-A2EF2DE27DCB}
	EndGlobalSection
EndGlobal
