
Microsoft Visual Studio Solution File, Format Version 12.00
# Visual Studio Version 17
VisualStudioVersion = 17.14.36518.9 d17.14
MinimumVisualStudioVersion = 10.0.40219.1
Project("{FAE04EC0-301F-11D3-BF4B-00C04F79EFBC}") = "Lab2_TH3", "Lab2_TH3\Lab2_TH3.csproj", "{2097F27C-5210-4B82-BE92-486504633ABC}"
EndProject
Global
	GlobalSection(SolutionConfigurationPlatforms) = preSolution
		Debug|Any CPU = Debug|Any CPU
		Release|Any CPU = Release|Any CPU
	EndGlobalSection
	GlobalSection(ProjectConfigurationPlatforms) = postSolution
		{2097F27C-5210-4B82-BE92-486504633ABC}.Debug|Any CPU.ActiveCfg = Debug|Any CPU
		{2097F27C-5210-4B82-BE92-486504633ABC}.Debug|Any CPU.Build.0 = Debug|Any CPU
		{2097F27C-5210-4B82-BE92-486504633ABC}.Release|Any CPU.ActiveCfg = Release|Any CPU
		{2097F27C-5210-4B82-BE92-486504633ABC}.Release|Any CPU.Build.0 = Release|Any CPU
	EndGlobalSection
	GlobalSection(SolutionProperties) = preSolution
		HideSolutionNode = FALSE
	EndGlobalSection
	GlobalSection(ExtensibilityGlobals) = postSolution
		SolutionGuid = {E395E2F5-ECA3-4AD7-8822-C11F72297E23}
	EndGlobalSection
EndGlobal
