
Microsoft Visual Studio Solution File, Format Version 12.00
# Visual Studio Version 17
VisualStudioVersion = 17.14.36518.9 d17.14
MinimumVisualStudioVersion = 10.0.40219.1
Project("{FAE04EC0-301F-11D3-BF4B-00C04F79EFBC}") = "Lab2_TH6", "Lab2_TH6\Lab2_TH6.csproj", "{8BBF24BC-F44B-47DD-8E5D-542AFACA44E2}"
EndProject
Global
	GlobalSection(SolutionConfigurationPlatforms) = preSolution
		Debug|Any CPU = Debug|Any CPU
		Release|Any CPU = Release|Any CPU
	EndGlobalSection
	GlobalSection(ProjectConfigurationPlatforms) = postSolution
		{8BBF24BC-F44B-47DD-8E5D-542AFACA44E2}.Debug|Any CPU.ActiveCfg = Debug|Any CPU
		{8BBF24BC-F44B-47DD-8E5D-542AFACA44E2}.Debug|Any CPU.Build.0 = Debug|Any CPU
		{8BBF24BC-F44B-47DD-8E5D-542AFACA44E2}.Release|Any CPU.ActiveCfg = Release|Any CPU
		{8BBF24BC-F44B-47DD-8E5D-542AFACA44E2}.Release|Any CPU.Build.0 = Release|Any CPU
	EndGlobalSection
	GlobalSection(SolutionProperties) = preSolution
		HideSolutionNode = FALSE
	EndGlobalSection
	GlobalSection(ExtensibilityGlobals) = postSolution
		SolutionGuid = {079E2082-EEA9-4C02-9250-7D06DD967BE1}
	EndGlobalSection
EndGlobal
